
Microsoft Visual Studio Solution File, Format Version 12.00
# Visual Studio Version 16
VisualStudioVersion = 16.0.29905.134
MinimumVisualStudioVersion = 10.0.40219.1
Project("{9A19103F-16F7-4668-BE54-9A1E7A4F7556}") = "YandexDiskLogin", "YandexDiskLogin\YandexDiskLogin.csproj", "{751BE8B1-8A95-4C7E-A482-95AF1B61A7C9}"
EndProject
Project("{9A19103F-16F7-4668-BE54-9A1E7A4F7556}") = "GoogleCom", "GoogleCom\GoogleCom.csproj", "{73BDA11A-5B2B-42F4-A031-471502717CDA}"
EndProject
Project("{FAE04EC0-301F-11D3-BF4B-00C04F79EFBC}") = "MailRuLogIn", "MailRuLogIn\MailRuLogIn.csproj", "{99E6F857-833F-42A9-A152-82A9FA0ADA27}"
EndProject
Global
	GlobalSection(SolutionConfigurationPlatforms) = preSolution
		Debug|Any CPU = Debug|Any CPU
		Release|Any CPU = Release|Any CPU
	EndGlobalSection
	GlobalSection(ProjectConfigurationPlatforms) = postSolution
		{751BE8B1-8A95-4C7E-A482-95AF1B61A7C9}.Debug|Any CPU.ActiveCfg = Debug|Any CPU
		{751BE8B1-8A95-4C7E-A482-95AF1B61A7C9}.Debug|Any CPU.Build.0 = Debug|Any CPU
		{751BE8B1-8A95-4C7E-A482-95AF1B61A7C9}.Release|Any CPU.ActiveCfg = Release|Any CPU
		{751BE8B1-8A95-4C7E-A482-95AF1B61A7C9}.Release|Any CPU.Build.0 = Release|Any CPU
		{73BDA11A-5B2B-42F4-A031-471502717CDA}.Debug|Any CPU.ActiveCfg = Debug|Any CPU
		{73BDA11A-5B2B-42F4-A031-471502717CDA}.Debug|Any CPU.Build.0 = Debug|Any CPU
		{73BDA11A-5B2B-42F4-A031-471502717CDA}.Release|Any CPU.ActiveCfg = Release|Any CPU
		{73BDA11A-5B2B-42F4-A031-471502717CDA}.Release|Any CPU.Build.0 = Release|Any CPU
		{99E6F857-833F-42A9-A152-82A9FA0ADA27}.Debug|Any CPU.ActiveCfg = Debug|Any CPU
		{99E6F857-833F-42A9-A152-82A9FA0ADA27}.Debug|Any CPU.Build.0 = Debug|Any CPU
		{99E6F857-833F-42A9-A152-82A9FA0ADA27}.Release|Any CPU.ActiveCfg = Release|Any CPU
		{99E6F857-833F-42A9-A152-82A9FA0ADA27}.Release|Any CPU.Build.0 = Release|Any CPU
	EndGlobalSection
	GlobalSection(SolutionProperties) = preSolution
		HideSolutionNode = FALSE
	EndGlobalSection
	GlobalSection(ExtensibilityGlobals) = postSolution
		SolutionGuid = {84F178E0-12E2-4CEE-822A-C6FE395E2F13}
	EndGlobalSection
EndGlobal
