
Microsoft Visual Studio Solution File, Format Version 12.00
# Visual Studio 15
VisualStudioVersion = 15.0.28307.1062
MinimumVisualStudioVersion = 10.0.40219.1
Project("{FAE04EC0-301F-11D3-BF4B-00C04F79EFBC}") = "YandexDiskLogin", "YandexDiskLogin\YandexDiskLogin.csproj", "{751BE8B1-8A95-4C7E-A482-95AF1B61A7C9}"
EndProject
Global
	GlobalSection(SolutionConfigurationPlatforms) = preSolution
		Debug|Any CPU = Debug|Any CPU
		Release|Any CPU = Release|Any CPU
	EndGlobalSection
	GlobalSection(ProjectConfigurationPlatforms) = postSolution
		{751BE8B1-8A95-4C7E-A482-95AF1B61A7C9}.Debug|Any CPU.ActiveCfg = Debug|Any CPU
		{751BE8B1-8A95-4C7E-A482-95AF1B61A7C9}.Debug|Any CPU.Build.0 = Debug|Any CPU
		{751BE8B1-8A95-4C7E-A482-95AF1B61A7C9}.Release|Any CPU.ActiveCfg = Release|Any CPU
		{751BE8B1-8A95-4C7E-A482-95AF1B61A7C9}.Release|Any CPU.Build.0 = Release|Any CPU
	EndGlobalSection
	GlobalSection(SolutionProperties) = preSolution
		HideSolutionNode = FALSE
	EndGlobalSection
	GlobalSection(ExtensibilityGlobals) = postSolution
		SolutionGuid = {84F178E0-12E2-4CEE-822A-C6FE395E2F13}
	EndGlobalSection
EndGlobal
